
Microsoft Visual Studio Solution File, Format Version 12.00
# Visual Studio Version 17
VisualStudioVersion = 17.4.33213.308
MinimumVisualStudioVersion = 10.0.40219.1
Project("{FAE04EC0-301F-11D3-BF4B-00C04F79EFBC}") = "UserSerialization", "UserSerialization\UserSerialization.csproj", "{4F333570-D79B-478E-9497-E830799CF113}"
EndProject
Global
	GlobalSection(SolutionConfigurationPlatforms) = preSolution
		Debug|Any CPU = Debug|Any CPU
		Release|Any CPU = Release|Any CPU
	EndGlobalSection
	GlobalSection(ProjectConfigurationPlatforms) = postSolution
		{4F333570-D79B-478E-9497-E830799CF113}.Debug|Any CPU.ActiveCfg = Debug|Any CPU
		{4F333570-D79B-478E-9497-E830799CF113}.Debug|Any CPU.Build.0 = Debug|Any CPU
		{4F333570-D79B-478E-9497-E830799CF113}.Release|Any CPU.ActiveCfg = Release|Any CPU
		{4F333570-D79B-478E-9497-E830799CF113}.Release|Any CPU.Build.0 = Release|Any CPU
	EndGlobalSection
	GlobalSection(SolutionProperties) = preSolution
		HideSolutionNode = FALSE
	EndGlobalSection
	GlobalSection(ExtensibilityGlobals) = postSolution
		SolutionGuid = {BD9294EB-25D7-4F2C-AA38-B4B9F82CB0B7}
	EndGlobalSection
EndGlobal
