
Microsoft Visual Studio Solution File, Format Version 12.00
# Visual Studio Version 17
VisualStudioVersion = 17.4.33213.308
MinimumVisualStudioVersion = 10.0.40219.1
Project("{FAE04EC0-301F-11D3-BF4B-00C04F79EFBC}") = "xoxGame", "xoxGame\xoxGame.csproj", "{D6302161-216A-4991-8C49-4054A1E80742}"
EndProject
Global
	GlobalSection(SolutionConfigurationPlatforms) = preSolution
		Debug|Any CPU = Debug|Any CPU
		Release|Any CPU = Release|Any CPU
	EndGlobalSection
	GlobalSection(ProjectConfigurationPlatforms) = postSolution
		{D6302161-216A-4991-8C49-4054A1E80742}.Debug|Any CPU.ActiveCfg = Debug|Any CPU
		{D6302161-216A-4991-8C49-4054A1E80742}.Debug|Any CPU.Build.0 = Debug|Any CPU
		{D6302161-216A-4991-8C49-4054A1E80742}.Release|Any CPU.ActiveCfg = Release|Any CPU
		{D6302161-216A-4991-8C49-4054A1E80742}.Release|Any CPU.Build.0 = Release|Any CPU
	EndGlobalSection
	GlobalSection(SolutionProperties) = preSolution
		HideSolutionNode = FALSE
	EndGlobalSection
	GlobalSection(ExtensibilityGlobals) = postSolution
		SolutionGuid = {330A1B17-80AC-4C0B-BFE2-8C20B623B70B}
	EndGlobalSection
EndGlobal
